
Microsoft Visual Studio Solution File, Format Version 12.00
# Visual Studio Version 17
VisualStudioVersion = 17.2.32630.192
MinimumVisualStudioVersion = 10.0.40219.1
Project("{FAE04EC0-301F-11D3-BF4B-00C04F79EFBC}") = "Riode.WebUI", "Riode.WebUI\Riode.WebUI.csproj", "{CCE454DE-9BE0-4CFF-B9F2-81C7A41317CA}"
EndProject
Global
	GlobalSection(SolutionConfigurationPlatforms) = preSolution
		Debug|Any CPU = Debug|Any CPU
		Release|Any CPU = Release|Any CPU
	EndGlobalSection
	GlobalSection(ProjectConfigurationPlatforms) = postSolution
		{CCE454DE-9BE0-4CFF-B9F2-81C7A41317CA}.Debug|Any CPU.ActiveCfg = Debug|Any CPU
		{CCE454DE-9BE0-4CFF-B9F2-81C7A41317CA}.Debug|Any CPU.Build.0 = Debug|Any CPU
		{CCE454DE-9BE0-4CFF-B9F2-81C7A41317CA}.Release|Any CPU.ActiveCfg = Release|Any CPU
		{CCE454DE-9BE0-4CFF-B9F2-81C7A41317CA}.Release|Any CPU.Build.0 = Release|Any CPU
	EndGlobalSection
	GlobalSection(SolutionProperties) = preSolution
		HideSolutionNode = FALSE
	EndGlobalSection
	GlobalSection(ExtensibilityGlobals) = postSolution
		SolutionGuid = {E3FBB984-4DE6-4F3C-9CBB-E25DFA64FC81}
	EndGlobalSection
EndGlobal
